
Microsoft Visual Studio Solution File, Format Version 12.00
# Visual Studio 2013
VisualStudioVersion = 12.0.31101.0
MinimumVisualStudioVersion = 10.0.40219.1
Project("{FAE04EC0-301F-11D3-BF4B-00C04F79EFBC}") = "HealthCheck.Core", "HealthCheck.Core\HealthCheck.Core.csproj", "{7052554B-0005-47E4-B3C3-318D41261E72}"
EndProject
Project("{FAE04EC0-301F-11D3-BF4B-00C04F79EFBC}") = "HealthCheck.Redis", "HealthCheck.Redis\HealthCheck.Redis.csproj", "{677553A9-E456-4C94-9777-F8E2030EEE83}"
EndProject
Project("{2150E333-8FDC-42A3-9474-1A3956D46DE8}") = "Tests", "Tests", "{EBE0C6CC-E4DF-4657-B291-570F25B042E5}"
EndProject
Project("{FAE04EC0-301F-11D3-BF4B-00C04F79EFBC}") = "HealthCheck.Nancy", "HealthCheck.Nancy\HealthCheck.Nancy.csproj", "{971A62B5-6E57-408C-9D2B-A2EA1F9BADFD}"
EndProject
Project("{FAE04EC0-301F-11D3-BF4B-00C04F79EFBC}") = "HealthCheck.Windows", "HealthCheck.Windows\HealthCheck.Windows.csproj", "{5A6CF0A0-AFBC-460D-BA51-D5898175983B}"
EndProject
Project("{2150E333-8FDC-42A3-9474-1A3956D46DE8}") = "Solution Items", "Solution Items", "{FD23FB63-8010-40AC-B752-D7BD3BBD8D8F}"
	ProjectSection(SolutionItems) = preProject
		HealthCheck.Core\HealthCheck.Core.nuspec = HealthCheck.Core\HealthCheck.Core.nuspec
		HealthCheck.Nancy\HealthCheck.Nancy.nuspec = HealthCheck.Nancy\HealthCheck.Nancy.nuspec
		HealthCheck.Redis\HealthCheck.Redis.nuspec = HealthCheck.Redis\HealthCheck.Redis.nuspec
		HealthCheck.Windows\HealthCheck.Windows.nuspec = HealthCheck.Windows\HealthCheck.Windows.nuspec
		SharedAssemblyInfo.cs = SharedAssemblyInfo.cs
	EndProjectSection
EndProject
Project("{FAE04EC0-301F-11D3-BF4B-00C04F79EFBC}") = "HealthCheck.Core.Tests", "Tests\HealthCheck.Core.Tests\HealthCheck.Core.Tests.csproj", "{02AF9FC9-D118-4628-B468-3D77D5DAC257}"
EndProject
Project("{FAE04EC0-301F-11D3-BF4B-00C04F79EFBC}") = "HealthCheck.Windows.Tests", "Tests\HealthCheck.Windows.Tests\HealthCheck.Windows.Tests.csproj", "{81F62453-AB66-4D41-8516-6B4465F49334}"
EndProject
Project("{FAE04EC0-301F-11D3-BF4B-00C04F79EFBC}") = "HealthCheck.Redis.Tests", "Tests\HealthCheck.Redis.Tests\HealthCheck.Redis.Tests.csproj", "{87678CED-1200-4B5D-8CC5-B8CAC3FF4229}"
EndProject
Project("{FAE04EC0-301F-11D3-BF4B-00C04F79EFBC}") = "HealthCheck.Nancy.Tests", "Tests\HealthCheck.Nancy.Tests\HealthCheck.Nancy.Tests.csproj", "{F5C18CB0-A863-4DA7-A99F-1E4AE3B717F2}"
EndProject
Global
	GlobalSection(SolutionConfigurationPlatforms) = preSolution
		Debug|Any CPU = Debug|Any CPU
		Release|Any CPU = Release|Any CPU
	EndGlobalSection
	GlobalSection(ProjectConfigurationPlatforms) = postSolution
		{7052554B-0005-47E4-B3C3-318D41261E72}.Debug|Any CPU.ActiveCfg = Debug|Any CPU
		{7052554B-0005-47E4-B3C3-318D41261E72}.Debug|Any CPU.Build.0 = Debug|Any CPU
		{7052554B-0005-47E4-B3C3-318D41261E72}.Release|Any CPU.ActiveCfg = Release|Any CPU
		{7052554B-0005-47E4-B3C3-318D41261E72}.Release|Any CPU.Build.0 = Release|Any CPU
		{677553A9-E456-4C94-9777-F8E2030EEE83}.Debug|Any CPU.ActiveCfg = Debug|Any CPU
		{677553A9-E456-4C94-9777-F8E2030EEE83}.Debug|Any CPU.Build.0 = Debug|Any CPU
		{677553A9-E456-4C94-9777-F8E2030EEE83}.Release|Any CPU.ActiveCfg = Release|Any CPU
		{677553A9-E456-4C94-9777-F8E2030EEE83}.Release|Any CPU.Build.0 = Release|Any CPU
		{971A62B5-6E57-408C-9D2B-A2EA1F9BADFD}.Debug|Any CPU.ActiveCfg = Debug|Any CPU
		{971A62B5-6E57-408C-9D2B-A2EA1F9BADFD}.Debug|Any CPU.Build.0 = Debug|Any CPU
		{971A62B5-6E57-408C-9D2B-A2EA1F9BADFD}.Release|Any CPU.ActiveCfg = Release|Any CPU
		{971A62B5-6E57-408C-9D2B-A2EA1F9BADFD}.Release|Any CPU.Build.0 = Release|Any CPU
		{5A6CF0A0-AFBC-460D-BA51-D5898175983B}.Debug|Any CPU.ActiveCfg = Debug|Any CPU
		{5A6CF0A0-AFBC-460D-BA51-D5898175983B}.Debug|Any CPU.Build.0 = Debug|Any CPU
		{5A6CF0A0-AFBC-460D-BA51-D5898175983B}.Release|Any CPU.ActiveCfg = Release|Any CPU
		{5A6CF0A0-AFBC-460D-BA51-D5898175983B}.Release|Any CPU.Build.0 = Release|Any CPU
		{02AF9FC9-D118-4628-B468-3D77D5DAC257}.Debug|Any CPU.ActiveCfg = Debug|Any CPU
		{02AF9FC9-D118-4628-B468-3D77D5DAC257}.Debug|Any CPU.Build.0 = Debug|Any CPU
		{02AF9FC9-D118-4628-B468-3D77D5DAC257}.Release|Any CPU.ActiveCfg = Release|Any CPU
		{02AF9FC9-D118-4628-B468-3D77D5DAC257}.Release|Any CPU.Build.0 = Release|Any CPU
		{81F62453-AB66-4D41-8516-6B4465F49334}.Debug|Any CPU.ActiveCfg = Debug|Any CPU
		{81F62453-AB66-4D41-8516-6B4465F49334}.Debug|Any CPU.Build.0 = Debug|Any CPU
		{81F62453-AB66-4D41-8516-6B4465F49334}.Release|Any CPU.ActiveCfg = Release|Any CPU
		{81F62453-AB66-4D41-8516-6B4465F49334}.Release|Any CPU.Build.0 = Release|Any CPU
		{87678CED-1200-4B5D-8CC5-B8CAC3FF4229}.Debug|Any CPU.ActiveCfg = Debug|Any CPU
		{87678CED-1200-4B5D-8CC5-B8CAC3FF4229}.Debug|Any CPU.Build.0 = Debug|Any CPU
		{87678CED-1200-4B5D-8CC5-B8CAC3FF4229}.Release|Any CPU.ActiveCfg = Release|Any CPU
		{87678CED-1200-4B5D-8CC5-B8CAC3FF4229}.Release|Any CPU.Build.0 = Release|Any CPU
		{F5C18CB0-A863-4DA7-A99F-1E4AE3B717F2}.Debug|Any CPU.ActiveCfg = Debug|Any CPU
		{F5C18CB0-A863-4DA7-A99F-1E4AE3B717F2}.Debug|Any CPU.Build.0 = Debug|Any CPU
		{F5C18CB0-A863-4DA7-A99F-1E4AE3B717F2}.Release|Any CPU.ActiveCfg = Release|Any CPU
		{F5C18CB0-A863-4DA7-A99F-1E4AE3B717F2}.Release|Any CPU.Build.0 = Release|Any CPU
	EndGlobalSection
	GlobalSection(SolutionProperties) = preSolution
		HideSolutionNode = FALSE
	EndGlobalSection
	GlobalSection(NestedProjects) = preSolution
		{02AF9FC9-D118-4628-B468-3D77D5DAC257} = {EBE0C6CC-E4DF-4657-B291-570F25B042E5}
		{81F62453-AB66-4D41-8516-6B4465F49334} = {EBE0C6CC-E4DF-4657-B291-570F25B042E5}
		{87678CED-1200-4B5D-8CC5-B8CAC3FF4229} = {EBE0C6CC-E4DF-4657-B291-570F25B042E5}
		{F5C18CB0-A863-4DA7-A99F-1E4AE3B717F2} = {EBE0C6CC-E4DF-4657-B291-570F25B042E5}
	EndGlobalSection
EndGlobal
